// !$*UTF8*$!
{
	archiveVersion = 1;
	classes = {
	};
	objectVersion = 56;
	objects = {

/* Begin PBXBuildFile section */
		ACC20E482B908DC6006EF14C /* NavigationBackportCoordinatorApp.swift in Sources */ = {isa = PBXBuildFile; fileRef = ACC20E472B908DC6006EF14C /* NavigationBackportCoordinatorApp.swift */; };
		ACC20E4A2B908DC6006EF14C /* ExampleView.swift in Sources */ = {isa = PBXBuildFile; fileRef = ACC20E492B908DC6006EF14C /* ExampleView.swift */; };
		ACC20E4C2B908DC8006EF14C /* Assets.xcassets in Resources */ = {isa = PBXBuildFile; fileRef = ACC20E4B2B908DC8006EF14C /* Assets.xcassets */; };
		ACC20E4F2B908DC8006EF14C /* Preview Assets.xcassets in Resources */ = {isa = PBXBuildFile; fileRef = ACC20E4E2B908DC8006EF14C /* Preview Assets.xcassets */; };
		ACC20E572B9090CE006EF14C /* NavigationBackport in Frameworks */ = {isa = PBXBuildFile; productRef = ACC20E562B9090CE006EF14C /* NavigationBackport */; };
		ACC20E5A2B909677006EF14C /* HomeView.swift in Sources */ = {isa = PBXBuildFile; fileRef = ACC20E592B909677006EF14C /* HomeView.swift */; };
		ACC20E5C2B9096C6006EF14C /* NumberList.swift in Sources */ = {isa = PBXBuildFile; fileRef = ACC20E5B2B9096C6006EF14C /* NumberList.swift */; };
		ACC20E5E2B90A3AE006EF14C /* NumberListView.swift in Sources */ = {isa = PBXBuildFile; fileRef = ACC20E5D2B90A3AE006EF14C /* NumberListView.swift */; };
		ACC20E602B90A43A006EF14C /* NumberView.swift in Sources */ = {isa = PBXBuildFile; fileRef = ACC20E5F2B90A43A006EF14C /* NumberView.swift */; };
		ACC20E622B90A57C006EF14C /* EmojiVisualisation.swift in Sources */ = {isa = PBXBuildFile; fileRef = ACC20E612B90A57C006EF14C /* EmojiVisualisation.swift */; };
		ACC20E642B90A59D006EF14C /* EmojiView.swift in Sources */ = {isa = PBXBuildFile; fileRef = ACC20E632B90A59D006EF14C /* EmojiView.swift */; };
		ACC20E772B90C2F7006EF14C /* Page.swift in Sources */ = {isa = PBXBuildFile; fileRef = ACC20E762B90C2F7006EF14C /* Page.swift */; };
		ACC20E792B90C6A6006EF14C /* CoordinatorView.swift in Sources */ = {isa = PBXBuildFile; fileRef = ACC20E782B90C6A6006EF14C /* CoordinatorView.swift */; };
		ACC20E7B2B90CBC6006EF14C /* BananaView.swift in Sources */ = {isa = PBXBuildFile; fileRef = ACC20E7A2B90CBC6006EF14C /* BananaView.swift */; };
		ACC20E7D2B90CC71006EF14C /* CarrotView.swift in Sources */ = {isa = PBXBuildFile; fileRef = ACC20E7C2B90CC71006EF14C /* CarrotView.swift */; };
		ACC20E802B91C968006EF14C /* Coordinator.swift in Sources */ = {isa = PBXBuildFile; fileRef = ACC20E7F2B91C968006EF14C /* Coordinator.swift */; };
		ACC20E852B91CD05006EF14C /* Sheet.swift in Sources */ = {isa = PBXBuildFile; fileRef = ACC20E842B91CD05006EF14C /* Sheet.swift */; };
		ACC20E872B91CD2A006EF14C /* FullScreenCover.swift in Sources */ = {isa = PBXBuildFile; fileRef = ACC20E862B91CD2A006EF14C /* FullScreenCover.swift */; };
		ACC20E892B91D160006EF14C /* LemonView.swift in Sources */ = {isa = PBXBuildFile; fileRef = ACC20E882B91D160006EF14C /* LemonView.swift */; };
		ACC20E8B2B91D19A006EF14C /* OliveView.swift in Sources */ = {isa = PBXBuildFile; fileRef = ACC20E8A2B91D19A006EF14C /* OliveView.swift */; };
		ACC20E8F2B91E3B9006EF14C /* BananaUIKitView.swift in Sources */ = {isa = PBXBuildFile; fileRef = ACC20E8E2B91E3B9006EF14C /* BananaUIKitView.swift */; };
		ACC20E912B91E40B006EF14C /* BananaUIKitViewAssembly.swift in Sources */ = {isa = PBXBuildFile; fileRef = ACC20E902B91E40B006EF14C /* BananaUIKitViewAssembly.swift */; };
/* End PBXBuildFile section */

/* Begin PBXFileReference section */
		ACC20E442B908DC6006EF14C /* NavigationBackportCoordinator.app */ = {isa = PBXFileReference; explicitFileType = wrapper.application; includeInIndex = 0; path = NavigationBackportCoordinator.app; sourceTree = BUILT_PRODUCTS_DIR; };
		ACC20E472B908DC6006EF14C /* NavigationBackportCoordinatorApp.swift */ = {isa = PBXFileReference; lastKnownFileType = sourcecode.swift; path = NavigationBackportCoordinatorApp.swift; sourceTree = "<group>"; };
		ACC20E492B908DC6006EF14C /* ExampleView.swift */ = {isa = PBXFileReference; lastKnownFileType = sourcecode.swift; path = ExampleView.swift; sourceTree = "<group>"; };
		ACC20E4B2B908DC8006EF14C /* Assets.xcassets */ = {isa = PBXFileReference; lastKnownFileType = folder.assetcatalog; path = Assets.xcassets; sourceTree = "<group>"; };
		ACC20E4E2B908DC8006EF14C /* Preview Assets.xcassets */ = {isa = PBXFileReference; lastKnownFileType = folder.assetcatalog; path = "Preview Assets.xcassets"; sourceTree = "<group>"; };
		ACC20E592B909677006EF14C /* HomeView.swift */ = {isa = PBXFileReference; lastKnownFileType = sourcecode.swift; path = HomeView.swift; sourceTree = "<group>"; };
		ACC20E5B2B9096C6006EF14C /* NumberList.swift */ = {isa = PBXFileReference; lastKnownFileType = sourcecode.swift; path = NumberList.swift; sourceTree = "<group>"; };
		ACC20E5D2B90A3AE006EF14C /* NumberListView.swift */ = {isa = PBXFileReference; lastKnownFileType = sourcecode.swift; path = NumberListView.swift; sourceTree = "<group>"; };
		ACC20E5F2B90A43A006EF14C /* NumberView.swift */ = {isa = PBXFileReference; lastKnownFileType = sourcecode.swift; path = NumberView.swift; sourceTree = "<group>"; };
		ACC20E612B90A57C006EF14C /* EmojiVisualisation.swift */ = {isa = PBXFileReference; lastKnownFileType = sourcecode.swift; path = EmojiVisualisation.swift; sourceTree = "<group>"; };
		ACC20E632B90A59D006EF14C /* EmojiView.swift */ = {isa = PBXFileReference; lastKnownFileType = sourcecode.swift; path = EmojiView.swift; sourceTree = "<group>"; };
		ACC20E762B90C2F7006EF14C /* Page.swift */ = {isa = PBXFileReference; lastKnownFileType = sourcecode.swift; path = Page.swift; sourceTree = "<group>"; };
		ACC20E782B90C6A6006EF14C /* CoordinatorView.swift */ = {isa = PBXFileReference; lastKnownFileType = sourcecode.swift; path = CoordinatorView.swift; sourceTree = "<group>"; };
		ACC20E7A2B90CBC6006EF14C /* BananaView.swift */ = {isa = PBXFileReference; lastKnownFileType = sourcecode.swift; path = BananaView.swift; sourceTree = "<group>"; };
		ACC20E7C2B90CC71006EF14C /* CarrotView.swift */ = {isa = PBXFileReference; lastKnownFileType = sourcecode.swift; path = CarrotView.swift; sourceTree = "<group>"; };
		ACC20E7F2B91C968006EF14C /* Coordinator.swift */ = {isa = PBXFileReference; lastKnownFileType = sourcecode.swift; path = Coordinator.swift; sourceTree = "<group>"; };
		ACC20E842B91CD05006EF14C /* Sheet.swift */ = {isa = PBXFileReference; lastKnownFileType = sourcecode.swift; path = Sheet.swift; sourceTree = "<group>"; };
		ACC20E862B91CD2A006EF14C /* FullScreenCover.swift */ = {isa = PBXFileReference; lastKnownFileType = sourcecode.swift; path = FullScreenCover.swift; sourceTree = "<group>"; };
		ACC20E882B91D160006EF14C /* LemonView.swift */ = {isa = PBXFileReference; lastKnownFileType = sourcecode.swift; path = LemonView.swift; sourceTree = "<group>"; };
		ACC20E8A2B91D19A006EF14C /* OliveView.swift */ = {isa = PBXFileReference; lastKnownFileType = sourcecode.swift; path = OliveView.swift; sourceTree = "<group>"; };
		ACC20E8E2B91E3B9006EF14C /* BananaUIKitView.swift */ = {isa = PBXFileReference; lastKnownFileType = sourcecode.swift; path = BananaUIKitView.swift; sourceTree = "<group>"; };
		ACC20E902B91E40B006EF14C /* BananaUIKitViewAssembly.swift */ = {isa = PBXFileReference; lastKnownFileType = sourcecode.swift; path = BananaUIKitViewAssembly.swift; sourceTree = "<group>"; };
/* End PBXFileReference section */

/* Begin PBXFrameworksBuildPhase section */
		ACC20E412B908DC6006EF14C /* Frameworks */ = {
			isa = PBXFrameworksBuildPhase;
			buildActionMask = 2147483647;
			files = (
				ACC20E572B9090CE006EF14C /* NavigationBackport in Frameworks */,
			);
			runOnlyForDeploymentPostprocessing = 0;
		};
/* End PBXFrameworksBuildPhase section */

/* Begin PBXGroup section */
		ACC20E3B2B908DC6006EF14C = {
			isa = PBXGroup;
			children = (
				ACC20E462B908DC6006EF14C /* NavigationBackportCoordinator */,
				ACC20E452B908DC6006EF14C /* Products */,
			);
			sourceTree = "<group>";
		};
		ACC20E452B908DC6006EF14C /* Products */ = {
			isa = PBXGroup;
			children = (
				ACC20E442B908DC6006EF14C /* NavigationBackportCoordinator.app */,
			);
			name = Products;
			sourceTree = "<group>";
		};
		ACC20E462B908DC6006EF14C /* NavigationBackportCoordinator */ = {
			isa = PBXGroup;
			children = (
				ACC20E472B908DC6006EF14C /* NavigationBackportCoordinatorApp.swift */,
				ACC20E582B909662006EF14C /* ExampleFromSite */,
				ACC20E672B90AB79006EF14C /* ExampleMy */,
				ACC20E4B2B908DC8006EF14C /* Assets.xcassets */,
				ACC20E4D2B908DC8006EF14C /* Preview Content */,
			);
			path = NavigationBackportCoordinator;
			sourceTree = "<group>";
		};
		ACC20E4D2B908DC8006EF14C /* Preview Content */ = {
			isa = PBXGroup;
			children = (
				ACC20E4E2B908DC8006EF14C /* Preview Assets.xcassets */,
			);
			path = "Preview Content";
			sourceTree = "<group>";
		};
		ACC20E582B909662006EF14C /* ExampleFromSite */ = {
			isa = PBXGroup;
			children = (
				ACC20E662B90A87D006EF14C /* Model */,
				ACC20E652B90A79F006EF14C /* View */,
			);
			path = ExampleFromSite;
			sourceTree = "<group>";
		};
		ACC20E652B90A79F006EF14C /* View */ = {
			isa = PBXGroup;
			children = (
				ACC20E492B908DC6006EF14C /* ExampleView.swift */,
				ACC20E592B909677006EF14C /* HomeView.swift */,
				ACC20E5D2B90A3AE006EF14C /* NumberListView.swift */,
				ACC20E5F2B90A43A006EF14C /* NumberView.swift */,
				ACC20E632B90A59D006EF14C /* EmojiView.swift */,
			);
			path = View;
			sourceTree = "<group>";
		};
		ACC20E662B90A87D006EF14C /* Model */ = {
			isa = PBXGroup;
			children = (
				ACC20E612B90A57C006EF14C /* EmojiVisualisation.swift */,
				ACC20E5B2B9096C6006EF14C /* NumberList.swift */,
			);
			path = Model;
			sourceTree = "<group>";
		};
		ACC20E672B90AB79006EF14C /* ExampleMy */ = {
			isa = PBXGroup;
			children = (
				ACC20E7E2B91C95E006EF14C /* Coordinator */,
				ACC20E742B90C2DF006EF14C /* View */,
			);
			path = ExampleMy;
			sourceTree = "<group>";
		};
		ACC20E742B90C2DF006EF14C /* View */ = {
			isa = PBXGroup;
			children = (
				ACC20E8D2B91E3A8006EF14C /* UiKitView */,
				ACC20E8C2B91E365006EF14C /* SwiftUIView */,
			);
			path = View;
			sourceTree = "<group>";
		};
		ACC20E7E2B91C95E006EF14C /* Coordinator */ = {
			isa = PBXGroup;
			children = (
				ACC20E822B91CBC7006EF14C /* View */,
				ACC20E782B90C6A6006EF14C /* CoordinatorView.swift */,
				ACC20E812B91CBBC006EF14C /* Model */,
			);
			path = Coordinator;
			sourceTree = "<group>";
		};
		ACC20E812B91CBBC006EF14C /* Model */ = {
			isa = PBXGroup;
			children = (
				ACC20E7F2B91C968006EF14C /* Coordinator.swift */,
				ACC20E832B91CCDD006EF14C /* Enums */,
			);
			path = Model;
			sourceTree = "<group>";
		};
		ACC20E822B91CBC7006EF14C /* View */ = {
			isa = PBXGroup;
			children = (
			);
			path = View;
			sourceTree = "<group>";
		};
		ACC20E832B91CCDD006EF14C /* Enums */ = {
			isa = PBXGroup;
			children = (
				ACC20E762B90C2F7006EF14C /* Page.swift */,
				ACC20E842B91CD05006EF14C /* Sheet.swift */,
				ACC20E862B91CD2A006EF14C /* FullScreenCover.swift */,
			);
			path = Enums;
			sourceTree = "<group>";
		};
		ACC20E8C2B91E365006EF14C /* SwiftUIView */ = {
			isa = PBXGroup;
			children = (
				ACC20E7A2B90CBC6006EF14C /* BananaView.swift */,
				ACC20E7C2B90CC71006EF14C /* CarrotView.swift */,
				ACC20E882B91D160006EF14C /* LemonView.swift */,
				ACC20E8A2B91D19A006EF14C /* OliveView.swift */,
			);
			path = SwiftUIView;
			sourceTree = "<group>";
		};
		ACC20E8D2B91E3A8006EF14C /* UiKitView */ = {
			isa = PBXGroup;
			children = (
				ACC20E8E2B91E3B9006EF14C /* BananaUIKitView.swift */,
				ACC20E902B91E40B006EF14C /* BananaUIKitViewAssembly.swift */,
			);
			path = UiKitView;
			sourceTree = "<group>";
		};
/* End PBXGroup section */

/* Begin PBXNativeTarget section */
		ACC20E432B908DC6006EF14C /* NavigationBackportCoordinator */ = {
			isa = PBXNativeTarget;
			buildConfigurationList = ACC20E522B908DC8006EF14C /* Build configuration list for PBXNativeTarget "NavigationBackportCoordinator" */;
			buildPhases = (
				ACC20E402B908DC6006EF14C /* Sources */,
				ACC20E412B908DC6006EF14C /* Frameworks */,
				ACC20E422B908DC6006EF14C /* Resources */,
			);
			buildRules = (
			);
			dependencies = (
			);
			name = NavigationBackportCoordinator;
			packageProductDependencies = (
				ACC20E562B9090CE006EF14C /* NavigationBackport */,
			);
			productName = NavigationBackportCoordinator;
			productReference = ACC20E442B908DC6006EF14C /* NavigationBackportCoordinator.app */;
			productType = "com.apple.product-type.application";
		};
/* End PBXNativeTarget section */

/* Begin PBXProject section */
		ACC20E3C2B908DC6006EF14C /* Project object */ = {
			isa = PBXProject;
			attributes = {
				BuildIndependentTargetsInParallel = 1;
				LastSwiftUpdateCheck = 1520;
				LastUpgradeCheck = 1520;
				TargetAttributes = {
					ACC20E432B908DC6006EF14C = {
						CreatedOnToolsVersion = 15.2;
					};
				};
			};
			buildConfigurationList = ACC20E3F2B908DC6006EF14C /* Build configuration list for PBXProject "NavigationBackportCoordinator" */;
			compatibilityVersion = "Xcode 14.0";
			developmentRegion = en;
			hasScannedForEncodings = 0;
			knownRegions = (
				en,
				Base,
			);
			mainGroup = ACC20E3B2B908DC6006EF14C;
			packageReferences = (
				ACC20E552B9090CD006EF14C /* XCRemoteSwiftPackageReference "NavigationBackport" */,
			);
			productRefGroup = ACC20E452B908DC6006EF14C /* Products */;
			projectDirPath = "";
			projectRoot = "";
			targets = (
				ACC20E432B908DC6006EF14C /* NavigationBackportCoordinator */,
			);
		};
/* End PBXProject section */

/* Begin PBXResourcesBuildPhase section */
		ACC20E422B908DC6006EF14C /* Resources */ = {
			isa = PBXResourcesBuildPhase;
			buildActionMask = 2147483647;
			files = (
				ACC20E4F2B908DC8006EF14C /* Preview Assets.xcassets in Resources */,
				ACC20E4C2B908DC8006EF14C /* Assets.xcassets in Resources */,
			);
			runOnlyForDeploymentPostprocessing = 0;
		};
/* End PBXResourcesBuildPhase section */

/* Begin PBXSourcesBuildPhase section */
		ACC20E402B908DC6006EF14C /* Sources */ = {
			isa = PBXSourcesBuildPhase;
			buildActionMask = 2147483647;
			files = (
				ACC20E892B91D160006EF14C /* LemonView.swift in Sources */,
				ACC20E5C2B9096C6006EF14C /* NumberList.swift in Sources */,
				ACC20E772B90C2F7006EF14C /* Page.swift in Sources */,
				ACC20E802B91C968006EF14C /* Coordinator.swift in Sources */,
				ACC20E642B90A59D006EF14C /* EmojiView.swift in Sources */,
				ACC20E912B91E40B006EF14C /* BananaUIKitViewAssembly.swift in Sources */,
				ACC20E7B2B90CBC6006EF14C /* BananaView.swift in Sources */,
				ACC20E5E2B90A3AE006EF14C /* NumberListView.swift in Sources */,
				ACC20E8B2B91D19A006EF14C /* OliveView.swift in Sources */,
				ACC20E7D2B90CC71006EF14C /* CarrotView.swift in Sources */,
				ACC20E622B90A57C006EF14C /* EmojiVisualisation.swift in Sources */,
				ACC20E872B91CD2A006EF14C /* FullScreenCover.swift in Sources */,
				ACC20E5A2B909677006EF14C /* HomeView.swift in Sources */,
				ACC20E792B90C6A6006EF14C /* CoordinatorView.swift in Sources */,
				ACC20E4A2B908DC6006EF14C /* ExampleView.swift in Sources */,
				ACC20E482B908DC6006EF14C /* NavigationBackportCoordinatorApp.swift in Sources */,
				ACC20E602B90A43A006EF14C /* NumberView.swift in Sources */,
				ACC20E8F2B91E3B9006EF14C /* BananaUIKitView.swift in Sources */,
				ACC20E852B91CD05006EF14C /* Sheet.swift in Sources */,
			);
			runOnlyForDeploymentPostprocessing = 0;
		};
/* End PBXSourcesBuildPhase section */

/* Begin XCBuildConfiguration section */
		ACC20E502B908DC8006EF14C /* Debug */ = {
			isa = XCBuildConfiguration;
			buildSettings = {
				ALWAYS_SEARCH_USER_PATHS = NO;
				ASSETCATALOG_COMPILER_GENERATE_SWIFT_ASSET_SYMBOL_EXTENSIONS = YES;
				CLANG_ANALYZER_NONNULL = YES;
				CLANG_ANALYZER_NUMBER_OBJECT_CONVERSION = YES_AGGRESSIVE;
				CLANG_CXX_LANGUAGE_STANDARD = "gnu++20";
				CLANG_ENABLE_MODULES = YES;
				CLANG_ENABLE_OBJC_ARC = YES;
				CLANG_ENABLE_OBJC_WEAK = YES;
				CLANG_WARN_BLOCK_CAPTURE_AUTORELEASING = YES;
				CLANG_WARN_BOOL_CONVERSION = YES;
				CLANG_WARN_COMMA = YES;
				CLANG_WARN_CONSTANT_CONVERSION = YES;
				CLANG_WARN_DEPRECATED_OBJC_IMPLEMENTATIONS = YES;
				CLANG_WARN_DIRECT_OBJC_ISA_USAGE = YES_ERROR;
				CLANG_WARN_DOCUMENTATION_COMMENTS = YES;
				CLANG_WARN_EMPTY_BODY = YES;
				CLANG_WARN_ENUM_CONVERSION = YES;
				CLANG_WARN_INFINITE_RECURSION = YES;
				CLANG_WARN_INT_CONVERSION = YES;
				CLANG_WARN_NON_LITERAL_NULL_CONVERSION = YES;
				CLANG_WARN_OBJC_IMPLICIT_RETAIN_SELF = YES;
				CLANG_WARN_OBJC_LITERAL_CONVERSION = YES;
				CLANG_WARN_OBJC_ROOT_CLASS = YES_ERROR;
				CLANG_WARN_QUOTED_INCLUDE_IN_FRAMEWORK_HEADER = YES;
				CLANG_WARN_RANGE_LOOP_ANALYSIS = YES;
				CLANG_WARN_STRICT_PROTOTYPES = YES;
				CLANG_WARN_SUSPICIOUS_MOVE = YES;
				CLANG_WARN_UNGUARDED_AVAILABILITY = YES_AGGRESSIVE;
				CLANG_WARN_UNREACHABLE_CODE = YES;
				CLANG_WARN__DUPLICATE_METHOD_MATCH = YES;
				COPY_PHASE_STRIP = NO;
				DEBUG_INFORMATION_FORMAT = dwarf;
				ENABLE_STRICT_OBJC_MSGSEND = YES;
				ENABLE_TESTABILITY = YES;
				ENABLE_USER_SCRIPT_SANDBOXING = YES;
				GCC_C_LANGUAGE_STANDARD = gnu17;
				GCC_DYNAMIC_NO_PIC = NO;
				GCC_NO_COMMON_BLOCKS = YES;
				GCC_OPTIMIZATION_LEVEL = 0;
				GCC_PREPROCESSOR_DEFINITIONS = (
					"DEBUG=1",
					"$(inherited)",
				);
				GCC_WARN_64_TO_32_BIT_CONVERSION = YES;
				GCC_WARN_ABOUT_RETURN_TYPE = YES_ERROR;
				GCC_WARN_UNDECLARED_SELECTOR = YES;
				GCC_WARN_UNINITIALIZED_AUTOS = YES_AGGRESSIVE;
				GCC_WARN_UNUSED_FUNCTION = YES;
				GCC_WARN_UNUSED_VARIABLE = YES;
				IPHONEOS_DEPLOYMENT_TARGET = 17.2;
				LOCALIZATION_PREFERS_STRING_CATALOGS = YES;
				MTL_ENABLE_DEBUG_INFO = INCLUDE_SOURCE;
				MTL_FAST_MATH = YES;
				ONLY_ACTIVE_ARCH = YES;
				SDKROOT = iphoneos;
				SWIFT_ACTIVE_COMPILATION_CONDITIONS = "DEBUG $(inherited)";
				SWIFT_OPTIMIZATION_LEVEL = "-Onone";
			};
			name = Debug;
		};
		ACC20E512B908DC8006EF14C /* Release */ = {
			isa = XCBuildConfiguration;
			buildSettings = {
				ALWAYS_SEARCH_USER_PATHS = NO;
				ASSETCATALOG_COMPILER_GENERATE_SWIFT_ASSET_SYMBOL_EXTENSIONS = YES;
				CLANG_ANALYZER_NONNULL = YES;
				CLANG_ANALYZER_NUMBER_OBJECT_CONVERSION = YES_AGGRESSIVE;
				CLANG_CXX_LANGUAGE_STANDARD = "gnu++20";
				CLANG_ENABLE_MODULES = YES;
				CLANG_ENABLE_OBJC_ARC = YES;
				CLANG_ENABLE_OBJC_WEAK = YES;
				CLANG_WARN_BLOCK_CAPTURE_AUTORELEASING = YES;
				CLANG_WARN_BOOL_CONVERSION = YES;
				CLANG_WARN_COMMA = YES;
				CLANG_WARN_CONSTANT_CONVERSION = YES;
				CLANG_WARN_DEPRECATED_OBJC_IMPLEMENTATIONS = YES;
				CLANG_WARN_DIRECT_OBJC_ISA_USAGE = YES_ERROR;
				CLANG_WARN_DOCUMENTATION_COMMENTS = YES;
				CLANG_WARN_EMPTY_BODY = YES;
				CLANG_WARN_ENUM_CONVERSION = YES;
				CLANG_WARN_INFINITE_RECURSION = YES;
				CLANG_WARN_INT_CONVERSION = YES;
				CLANG_WARN_NON_LITERAL_NULL_CONVERSION = YES;
				CLANG_WARN_OBJC_IMPLICIT_RETAIN_SELF = YES;
				CLANG_WARN_OBJC_LITERAL_CONVERSION = YES;
				CLANG_WARN_OBJC_ROOT_CLASS = YES_ERROR;
				CLANG_WARN_QUOTED_INCLUDE_IN_FRAMEWORK_HEADER = YES;
				CLANG_WARN_RANGE_LOOP_ANALYSIS = YES;
				CLANG_WARN_STRICT_PROTOTYPES = YES;
				CLANG_WARN_SUSPICIOUS_MOVE = YES;
				CLANG_WARN_UNGUARDED_AVAILABILITY = YES_AGGRESSIVE;
				CLANG_WARN_UNREACHABLE_CODE = YES;
				CLANG_WARN__DUPLICATE_METHOD_MATCH = YES;
				COPY_PHASE_STRIP = NO;
				DEBUG_INFORMATION_FORMAT = "dwarf-with-dsym";
				ENABLE_NS_ASSERTIONS = NO;
				ENABLE_STRICT_OBJC_MSGSEND = YES;
				ENABLE_USER_SCRIPT_SANDBOXING = YES;
				GCC_C_LANGUAGE_STANDARD = gnu17;
				GCC_NO_COMMON_BLOCKS = YES;
				GCC_WARN_64_TO_32_BIT_CONVERSION = YES;
				GCC_WARN_ABOUT_RETURN_TYPE = YES_ERROR;
				GCC_WARN_UNDECLARED_SELECTOR = YES;
				GCC_WARN_UNINITIALIZED_AUTOS = YES_AGGRESSIVE;
				GCC_WARN_UNUSED_FUNCTION = YES;
				GCC_WARN_UNUSED_VARIABLE = YES;
				IPHONEOS_DEPLOYMENT_TARGET = 17.2;
				LOCALIZATION_PREFERS_STRING_CATALOGS = YES;
				MTL_ENABLE_DEBUG_INFO = NO;
				MTL_FAST_MATH = YES;
				SDKROOT = iphoneos;
				SWIFT_COMPILATION_MODE = wholemodule;
				VALIDATE_PRODUCT = YES;
			};
			name = Release;
		};
		ACC20E532B908DC8006EF14C /* Debug */ = {
			isa = XCBuildConfiguration;
			buildSettings = {
				ASSETCATALOG_COMPILER_APPICON_NAME = AppIcon;
				ASSETCATALOG_COMPILER_GLOBAL_ACCENT_COLOR_NAME = AccentColor;
				CODE_SIGN_STYLE = Automatic;
				CURRENT_PROJECT_VERSION = 1;
				DEVELOPMENT_ASSET_PATHS = "\"NavigationBackportCoordinator/Preview Content\"";
				ENABLE_PREVIEWS = YES;
				GENERATE_INFOPLIST_FILE = YES;
				INFOPLIST_KEY_UIApplicationSceneManifest_Generation = YES;
				INFOPLIST_KEY_UIApplicationSupportsIndirectInputEvents = YES;
				INFOPLIST_KEY_UILaunchScreen_Generation = YES;
				INFOPLIST_KEY_UISupportedInterfaceOrientations_iPad = "UIInterfaceOrientationPortrait UIInterfaceOrientationPortraitUpsideDown UIInterfaceOrientationLandscapeLeft UIInterfaceOrientationLandscapeRight";
				INFOPLIST_KEY_UISupportedInterfaceOrientations_iPhone = "UIInterfaceOrientationPortrait UIInterfaceOrientationLandscapeLeft UIInterfaceOrientationLandscapeRight";
				IPHONEOS_DEPLOYMENT_TARGET = 14.0;
				LD_RUNPATH_SEARCH_PATHS = (
					"$(inherited)",
					"@executable_path/Frameworks",
				);
				MARKETING_VERSION = 1.0;
				PRODUCT_BUNDLE_IDENTIFIER = void.NavigationBackportCoordinator;
				PRODUCT_NAME = "$(TARGET_NAME)";
				SWIFT_EMIT_LOC_STRINGS = YES;
				SWIFT_VERSION = 5.0;
				TARGETED_DEVICE_FAMILY = "1,2";
			};
			name = Debug;
		};
		ACC20E542B908DC8006EF14C /* Release */ = {
			isa = XCBuildConfiguration;
			buildSettings = {
				ASSETCATALOG_COMPILER_APPICON_NAME = AppIcon;
				ASSETCATALOG_COMPILER_GLOBAL_ACCENT_COLOR_NAME = AccentColor;
				CODE_SIGN_STYLE = Automatic;
				CURRENT_PROJECT_VERSION = 1;
				DEVELOPMENT_ASSET_PATHS = "\"NavigationBackportCoordinator/Preview Content\"";
				ENABLE_PREVIEWS = YES;
				GENERATE_INFOPLIST_FILE = YES;
				INFOPLIST_KEY_UIApplicationSceneManifest_Generation = YES;
				INFOPLIST_KEY_UIApplicationSupportsIndirectInputEvents = YES;
				INFOPLIST_KEY_UILaunchScreen_Generation = YES;
				INFOPLIST_KEY_UISupportedInterfaceOrientations_iPad = "UIInterfaceOrientationPortrait UIInterfaceOrientationPortraitUpsideDown UIInterfaceOrientationLandscapeLeft UIInterfaceOrientationLandscapeRight";
				INFOPLIST_KEY_UISupportedInterfaceOrientations_iPhone = "UIInterfaceOrientationPortrait UIInterfaceOrientationLandscapeLeft UIInterfaceOrientationLandscapeRight";
				IPHONEOS_DEPLOYMENT_TARGET = 14.0;
				LD_RUNPATH_SEARCH_PATHS = (
					"$(inherited)",
					"@executable_path/Frameworks",
				);
				MARKETING_VERSION = 1.0;
				PRODUCT_BUNDLE_IDENTIFIER = void.NavigationBackportCoordinator;
				PRODUCT_NAME = "$(TARGET_NAME)";
				SWIFT_EMIT_LOC_STRINGS = YES;
				SWIFT_VERSION = 5.0;
				TARGETED_DEVICE_FAMILY = "1,2";
			};
			name = Release;
		};
/* End XCBuildConfiguration section */

/* Begin XCConfigurationList section */
		ACC20E3F2B908DC6006EF14C /* Build configuration list for PBXProject "NavigationBackportCoordinator" */ = {
			isa = XCConfigurationList;
			buildConfigurations = (
				ACC20E502B908DC8006EF14C /* Debug */,
				ACC20E512B908DC8006EF14C /* Release */,
			);
			defaultConfigurationIsVisible = 0;
			defaultConfigurationName = Release;
		};
		ACC20E522B908DC8006EF14C /* Build configuration list for PBXNativeTarget "NavigationBackportCoordinator" */ = {
			isa = XCConfigurationList;
			buildConfigurations = (
				ACC20E532B908DC8006EF14C /* Debug */,
				ACC20E542B908DC8006EF14C /* Release */,
			);
			defaultConfigurationIsVisible = 0;
			defaultConfigurationName = Release;
		};
/* End XCConfigurationList section */

/* Begin XCRemoteSwiftPackageReference section */
		ACC20E552B9090CD006EF14C /* XCRemoteSwiftPackageReference "NavigationBackport" */ = {
			isa = XCRemoteSwiftPackageReference;
			repositoryURL = "https://github.com/johnpatrickmorgan/NavigationBackport";
			requirement = {
				kind = upToNextMajorVersion;
				minimumVersion = 0.9.1;
			};
		};
/* End XCRemoteSwiftPackageReference section */

/* Begin XCSwiftPackageProductDependency section */
		ACC20E562B9090CE006EF14C /* NavigationBackport */ = {
			isa = XCSwiftPackageProductDependency;
			package = ACC20E552B9090CD006EF14C /* XCRemoteSwiftPackageReference "NavigationBackport" */;
			productName = NavigationBackport;
		};
/* End XCSwiftPackageProductDependency section */
	};
	rootObject = ACC20E3C2B908DC6006EF14C /* Project object */;
}
